
Microsoft Visual Studio Solution File, Format Version 12.00
# Visual Studio Version 17
VisualStudioVersion = 17.11.35431.28
MinimumVisualStudioVersion = 10.0.40219.1
Project("{9A19103F-16F7-4668-BE54-9A1E7A4F7556}") = "Temp", "Temp\Temp.csproj", "{D6275440-7903-4962-A972-A6C62F9F0F61}"
EndProject
Project("{9A19103F-16F7-4668-BE54-9A1E7A4F7556}") = "Helpers", "Helpers\Helpers.csproj", "{3D898753-A5D9-4B22-913A-07437B2AC2D2}"
EndProject
Project("{9A19103F-16F7-4668-BE54-9A1E7A4F7556}") = "Day 01 - Historian Hysteria", "Day 01 - Historian Hysteria\Day 01 - Historian Hysteria.csproj", "{D1732BD2-F4E9-490D-B3CF-FB6D1583F22D}"
EndProject
Project("{9A19103F-16F7-4668-BE54-9A1E7A4F7556}") = "Day 02 - Red-Nosed Reports", "Day 02 - Red-Nosed Reports\Day 02 - Red-Nosed Reports.csproj", "{BB393509-92CA-420F-B48D-CE534199BC6E}"
EndProject
Project("{9A19103F-16F7-4668-BE54-9A1E7A4F7556}") = "Day 03 - Mull It Over", "Day 03 - Mull It Over\Day 03 - Mull It Over.csproj", "{54A41A2B-F033-4014-8C5F-7A709DF20FAB}"
EndProject
Project("{9A19103F-16F7-4668-BE54-9A1E7A4F7556}") = "Day 04 - Ceres Search", "Day 04 - Ceres Search\Day 04 - Ceres Search.csproj", "{FAFA2A80-8B85-49CF-9B0D-CA6BA68A2CC7}"
EndProject
Project("{9A19103F-16F7-4668-BE54-9A1E7A4F7556}") = "Day 05 - Print Queue", "Day 05 - Print Queue\Day 05 - Print Queue.csproj", "{F60F2142-F18E-4E96-AC68-0555EDBAAF5B}"
EndProject
Project("{9A19103F-16F7-4668-BE54-9A1E7A4F7556}") = "Day 06 - Guard Gallivant", "Day 06 - Guard Gallivant\Day 06 - Guard Gallivant.csproj", "{B527217A-F360-4DEB-876A-30A0E27ABFDC}"
EndProject
Project("{9A19103F-16F7-4668-BE54-9A1E7A4F7556}") = "Day07 - Bridge Repair", "Day07 - Bridge Repair\Day07 - Bridge Repair.csproj", "{68AC7F1C-232D-4C31-91E9-7D8A702E0F3E}"
EndProject
Project("{9A19103F-16F7-4668-BE54-9A1E7A4F7556}") = "Day08 - Resonant Collinearity", "Day08 - Resonant Collinearity\Day08 - Resonant Collinearity.csproj", "{177996C3-E5D1-4110-9238-6A3C9D0FB6BD}"
EndProject
Project("{9A19103F-16F7-4668-BE54-9A1E7A4F7556}") = "Day09 - Disk Fragmenter", "Day09 - Disk Fragmenter\Day09 - Disk Fragmenter.csproj", "{231BA8E1-1E38-49FB-9A7D-C53510B95F72}"
EndProject
Project("{9A19103F-16F7-4668-BE54-9A1E7A4F7556}") = "Day10 - Hoof It", "Day10 - Hoof It\Day10 - Hoof It.csproj", "{89945877-170F-4054-8275-C1056766C07B}"
EndProject
Project("{9A19103F-16F7-4668-BE54-9A1E7A4F7556}") = "Day11 - Plutonian Pebbles", "Day11 - Plutonian Pebbles\Day11 - Plutonian Pebbles.csproj", "{9C01D861-4615-42EC-9821-84850AC0D8F4}"
EndProject
Project("{FAE04EC0-301F-11D3-BF4B-00C04F79EFBC}") = "Day12 - Garden Groups", "Day12 - Garden Groups\Day12 - Garden Groups.csproj", "{42BE7498-FA9E-4E5C-BA85-041E53C0CE82}"
EndProject
Global
	GlobalSection(SolutionConfigurationPlatforms) = preSolution
		Debug|Any CPU = Debug|Any CPU
		Release|Any CPU = Release|Any CPU
	EndGlobalSection
	GlobalSection(ProjectConfigurationPlatforms) = postSolution
		{D6275440-7903-4962-A972-A6C62F9F0F61}.Debug|Any CPU.ActiveCfg = Debug|Any CPU
		{D6275440-7903-4962-A972-A6C62F9F0F61}.Debug|Any CPU.Build.0 = Debug|Any CPU
		{D6275440-7903-4962-A972-A6C62F9F0F61}.Release|Any CPU.ActiveCfg = Release|Any CPU
		{D6275440-7903-4962-A972-A6C62F9F0F61}.Release|Any CPU.Build.0 = Release|Any CPU
		{3D898753-A5D9-4B22-913A-07437B2AC2D2}.Debug|Any CPU.ActiveCfg = Debug|Any CPU
		{3D898753-A5D9-4B22-913A-07437B2AC2D2}.Debug|Any CPU.Build.0 = Debug|Any CPU
		{3D898753-A5D9-4B22-913A-07437B2AC2D2}.Release|Any CPU.ActiveCfg = Release|Any CPU
		{3D898753-A5D9-4B22-913A-07437B2AC2D2}.Release|Any CPU.Build.0 = Release|Any CPU
		{D1732BD2-F4E9-490D-B3CF-FB6D1583F22D}.Debug|Any CPU.ActiveCfg = Debug|Any CPU
		{D1732BD2-F4E9-490D-B3CF-FB6D1583F22D}.Debug|Any CPU.Build.0 = Debug|Any CPU
		{D1732BD2-F4E9-490D-B3CF-FB6D1583F22D}.Release|Any CPU.ActiveCfg = Release|Any CPU
		{D1732BD2-F4E9-490D-B3CF-FB6D1583F22D}.Release|Any CPU.Build.0 = Release|Any CPU
		{BB393509-92CA-420F-B48D-CE534199BC6E}.Debug|Any CPU.ActiveCfg = Debug|Any CPU
		{BB393509-92CA-420F-B48D-CE534199BC6E}.Debug|Any CPU.Build.0 = Debug|Any CPU
		{BB393509-92CA-420F-B48D-CE534199BC6E}.Release|Any CPU.ActiveCfg = Release|Any CPU
		{BB393509-92CA-420F-B48D-CE534199BC6E}.Release|Any CPU.Build.0 = Release|Any CPU
		{54A41A2B-F033-4014-8C5F-7A709DF20FAB}.Debug|Any CPU.ActiveCfg = Debug|Any CPU
		{54A41A2B-F033-4014-8C5F-7A709DF20FAB}.Debug|Any CPU.Build.0 = Debug|Any CPU
		{54A41A2B-F033-4014-8C5F-7A709DF20FAB}.Release|Any CPU.ActiveCfg = Release|Any CPU
		{54A41A2B-F033-4014-8C5F-7A709DF20FAB}.Release|Any CPU.Build.0 = Release|Any CPU
		{FAFA2A80-8B85-49CF-9B0D-CA6BA68A2CC7}.Debug|Any CPU.ActiveCfg = Debug|Any CPU
		{FAFA2A80-8B85-49CF-9B0D-CA6BA68A2CC7}.Debug|Any CPU.Build.0 = Debug|Any CPU
		{FAFA2A80-8B85-49CF-9B0D-CA6BA68A2CC7}.Release|Any CPU.ActiveCfg = Release|Any CPU
		{FAFA2A80-8B85-49CF-9B0D-CA6BA68A2CC7}.Release|Any CPU.Build.0 = Release|Any CPU
		{F60F2142-F18E-4E96-AC68-0555EDBAAF5B}.Debug|Any CPU.ActiveCfg = Debug|Any CPU
		{F60F2142-F18E-4E96-AC68-0555EDBAAF5B}.Debug|Any CPU.Build.0 = Debug|Any CPU
		{F60F2142-F18E-4E96-AC68-0555EDBAAF5B}.Release|Any CPU.ActiveCfg = Release|Any CPU
		{F60F2142-F18E-4E96-AC68-0555EDBAAF5B}.Release|Any CPU.Build.0 = Release|Any CPU
		{B527217A-F360-4DEB-876A-30A0E27ABFDC}.Debug|Any CPU.ActiveCfg = Debug|Any CPU
		{B527217A-F360-4DEB-876A-30A0E27ABFDC}.Debug|Any CPU.Build.0 = Debug|Any CPU
		{B527217A-F360-4DEB-876A-30A0E27ABFDC}.Release|Any CPU.ActiveCfg = Release|Any CPU
		{B527217A-F360-4DEB-876A-30A0E27ABFDC}.Release|Any CPU.Build.0 = Release|Any CPU
		{68AC7F1C-232D-4C31-91E9-7D8A702E0F3E}.Debug|Any CPU.ActiveCfg = Debug|Any CPU
		{68AC7F1C-232D-4C31-91E9-7D8A702E0F3E}.Debug|Any CPU.Build.0 = Debug|Any CPU
		{68AC7F1C-232D-4C31-91E9-7D8A702E0F3E}.Release|Any CPU.ActiveCfg = Release|Any CPU
		{68AC7F1C-232D-4C31-91E9-7D8A702E0F3E}.Release|Any CPU.Build.0 = Release|Any CPU
		{177996C3-E5D1-4110-9238-6A3C9D0FB6BD}.Debug|Any CPU.ActiveCfg = Debug|Any CPU
		{177996C3-E5D1-4110-9238-6A3C9D0FB6BD}.Debug|Any CPU.Build.0 = Debug|Any CPU
		{177996C3-E5D1-4110-9238-6A3C9D0FB6BD}.Release|Any CPU.ActiveCfg = Release|Any CPU
		{177996C3-E5D1-4110-9238-6A3C9D0FB6BD}.Release|Any CPU.Build.0 = Release|Any CPU
		{231BA8E1-1E38-49FB-9A7D-C53510B95F72}.Debug|Any CPU.ActiveCfg = Debug|Any CPU
		{231BA8E1-1E38-49FB-9A7D-C53510B95F72}.Debug|Any CPU.Build.0 = Debug|Any CPU
		{231BA8E1-1E38-49FB-9A7D-C53510B95F72}.Release|Any CPU.ActiveCfg = Release|Any CPU
		{231BA8E1-1E38-49FB-9A7D-C53510B95F72}.Release|Any CPU.Build.0 = Release|Any CPU
		{89945877-170F-4054-8275-C1056766C07B}.Debug|Any CPU.ActiveCfg = Debug|Any CPU
		{89945877-170F-4054-8275-C1056766C07B}.Debug|Any CPU.Build.0 = Debug|Any CPU
		{89945877-170F-4054-8275-C1056766C07B}.Release|Any CPU.ActiveCfg = Release|Any CPU
		{89945877-170F-4054-8275-C1056766C07B}.Release|Any CPU.Build.0 = Release|Any CPU
		{9C01D861-4615-42EC-9821-84850AC0D8F4}.Debug|Any CPU.ActiveCfg = Debug|Any CPU
		{9C01D861-4615-42EC-9821-84850AC0D8F4}.Debug|Any CPU.Build.0 = Debug|Any CPU
		{9C01D861-4615-42EC-9821-84850AC0D8F4}.Release|Any CPU.ActiveCfg = Release|Any CPU
		{9C01D861-4615-42EC-9821-84850AC0D8F4}.Release|Any CPU.Build.0 = Release|Any CPU
		{42BE7498-FA9E-4E5C-BA85-041E53C0CE82}.Debug|Any CPU.ActiveCfg = Debug|Any CPU
		{42BE7498-FA9E-4E5C-BA85-041E53C0CE82}.Debug|Any CPU.Build.0 = Debug|Any CPU
		{42BE7498-FA9E-4E5C-BA85-041E53C0CE82}.Release|Any CPU.ActiveCfg = Release|Any CPU
		{42BE7498-FA9E-4E5C-BA85-041E53C0CE82}.Release|Any CPU.Build.0 = Release|Any CPU
	EndGlobalSection
	GlobalSection(SolutionProperties) = preSolution
		HideSolutionNode = FALSE
	EndGlobalSection
	GlobalSection(ExtensibilityGlobals) = postSolution
		SolutionGuid = {E37BB6B5-C63F-4E2D-849D-D71A8F91D5A1}
	EndGlobalSection
EndGlobal
